{
  "name": "apache-nifi-update-attribute-ui",
  "lockfileVersion": 3,
  "requires": true,
  "packages": {
    "": {
      "name": "apache-nifi-update-attribute-ui",
      "dependencies": {
        "font-awesome": "4.7.0",
        "jquery": "3.6.4",
        "jquery-ui-dist": "1.13.2",
        "JSON2": "0.1.0",
        "qtip2": "3.0.3",
        "reset.css": "2.0.2",
        "slickgrid": "2.4.45"
      },
      "engines": {
        "node": ">=16.13.2",
        "npm": ">=8.1.2"
      }
    },
    "node_modules/ev-emitter": {
      "version": "2.1.2",
      "resolved": "https://registry.npmjs.org/ev-emitter/-/ev-emitter-2.1.2.tgz",
      "integrity": "sha512-jQ5Ql18hdCQ4qS+RCrbLfz1n+Pags27q5TwMKvZyhp5hh2UULUYZUy1keqj6k6SYsdqIYjnmz7xyyEY0V67B8Q=="
    },
    "node_modules/font-awesome": {
      "version": "4.7.0",
      "resolved": "https://registry.npmjs.org/font-awesome/-/font-awesome-4.7.0.tgz",
      "integrity": "sha512-U6kGnykA/6bFmg1M/oT9EkFeIYv7JlX3bozwQJWiiLz6L0w3F5vBVPxHlwyX/vtNq1ckcpRKOB9f2Qal/VtFpg==",
      "engines": {
        "node": ">=0.10.3"
      }
    },
    "node_modules/imagesloaded": {
      "version": "5.0.0",
      "resolved": "https://registry.npmjs.org/imagesloaded/-/imagesloaded-5.0.0.tgz",
      "integrity": "sha512-/0JGSubc1MTCoDKVmonLHgbifBWHdyLkun+R/151E1c5n79hiSxcd7cB7mPXFgojYu8xnRZv7GYxzKoxW8BetQ==",
      "dependencies": {
        "ev-emitter": "^2.1.2"
      }
    },
    "node_modules/jquery": {
      "version": "3.6.4",
      "resolved": "https://registry.npmjs.org/jquery/-/jquery-3.6.4.tgz",
      "integrity": "sha512-v28EW9DWDFpzcD9O5iyJXg3R3+q+mET5JhnjJzQUZMHOv67bpSIHq81GEYpPNZHG+XXHsfSme3nxp/hndKEcsQ=="
    },
    "node_modules/jquery-ui": {
      "version": "1.13.3",
      "resolved": "https://registry.npmjs.org/jquery-ui/-/jquery-ui-1.13.3.tgz",
      "integrity": "sha512-D2YJfswSJRh/B8M/zCowDpNFfwsDmtfnMPwjJTyvl+CBqzpYwQ+gFYIbUUlzijy/Qvoy30H1YhoSui4MNYpRwA==",
      "dependencies": {
        "jquery": ">=1.8.0 <4.0.0"
      }
    },
    "node_modules/jquery-ui-dist": {
      "version": "1.13.2",
      "resolved": "https://registry.npmjs.org/jquery-ui-dist/-/jquery-ui-dist-1.13.2.tgz",
      "integrity": "sha512-oVDRd1NLtTbBwpRKAYdIRgpWVDzeBhfy7Gu0RmY6JEaZtmBq6kDn1pm5SgDiAotrnDS+RoTRXO6xvcNTxA9tOA==",
      "dependencies": {
        "jquery": ">=1.8.0 <4.0.0"
      }
    },
    "node_modules/JSON2": {
      "version": "0.1.0",
      "resolved": "https://registry.npmjs.org/JSON2/-/JSON2-0.1.0.tgz",
      "integrity": "sha512-MRguCg79vy8Kx15/CXzoO5pEPi0tQq7T70mL/t1Hv3G+hVfJVO2BZqX3sl2kbWW08GAmzQYSRfWRtQhmK/eaYA==",
      "engines": {
        "node": "*"
      }
    },
    "node_modules/qtip2": {
      "version": "3.0.3",
      "resolved": "https://registry.npmjs.org/qtip2/-/qtip2-3.0.3.tgz",
      "integrity": "sha512-vfSEVYg1teA4g3RhT9fnBXzEQrkgyU5CrQE8j6WzZs5LBupG+Nq97mFq4BmDKcA6mGSMFiIqm70+ydvWW1KnGg==",
      "dependencies": {
        "imagesloaded": ">=3.0.0",
        "jquery": ">=1.6.0"
      }
    },
    "node_modules/reset.css": {
      "version": "2.0.2",
      "resolved": "https://registry.npmjs.org/reset.css/-/reset.css-2.0.2.tgz",
      "integrity": "sha512-HG5RQLYcAxou3yw+Gnzwan1jJCbOcIBZjwoD/YLWuAd8kkuDI/ZqC0uRhY4ReKOOJaM1Y1kvwebHOwK4P8Sevg=="
    },
    "node_modules/slickgrid": {
      "version": "2.4.45",
      "resolved": "https://registry.npmjs.org/slickgrid/-/slickgrid-2.4.45.tgz",
      "integrity": "sha512-WvygGTaLU9LnMWZSxqW1agwq8IcDGeCZ289vP1E07eh3ffyLm5TGQsYHXvTwWCHtriZBw+L9RFK/h7TsIMcoLQ==",
      "dependencies": {
        "jquery": ">=1.8.0",
        "jquery-ui": ">=1.8.0"
      }
    }
  }
}
