{
  "//": "Licensed to the Apache Software Foundation (ASF) under one or more",
  "//": "contributor license agreements.  See the NOTICE file distributed with",
  "//": "this work for additional information regarding copyright ownership.",
  "//": "The ASF licenses this file to You under the Apache License, Version 2.0",
  "//": "(the \"License\"); you may not use this file except in compliance with",
  "//": "the License.  You may obtain a copy of the License at",
  "//": "",
  "//": "http://www.apache.org/licenses/LICENSE-2.0",
  "//": "",
  "//": "Unless required by applicable law or agreed to in writing, software",
  "//": "distributed under the License is distributed on an \"AS IS\" BASIS,",
  "//": "WITHOUT WARRANTIES OR CONDITIONS OF ANY KIND, either express or implied.",
  "//": "See the License for the specific language governing permissions and",
  "//": "limitations under the License.",
  "name": "nifi-jolt-transform-json-ui",
  "requires": true,
  "lockfileVersion": 1,
  "dependencies": {
    "angular": {
      "version": "1.8.2",
      "resolved": "https://registry.npmjs.org/angular/-/angular-1.8.2.tgz",
      "integrity": "sha512-IauMOej2xEe7/7Ennahkbb5qd/HFADiNuLSESz9Q27inmi32zB0lnAsFeLEWcox3Gd1F6YhNd1CP7/9IukJ0Gw=="
    },
    "angular-ui-codemirror": {
      "version": "0.3.0",
      "resolved": "https://registry.npmjs.org/angular-ui-codemirror/-/angular-ui-codemirror-0.3.0.tgz",
      "integrity": "sha1-5ChvxQ85PypuaXwb8xcEJOEsu2A="
    },
    "angular-ui-router": {
      "version": "0.2.18",
      "resolved": "https://registry.npmjs.org/angular-ui-router/-/angular-ui-router-0.2.18.tgz",
      "integrity": "sha1-Ha1wQVxz1wRv0uEw3wPWL7dGQ2A=",
      "requires": {
        "angular": "^1.0.8"
      }
    }
  }
}
