{
  "name": "apache-nifi-image-viewer",
  "lockfileVersion": 3,
  "requires": true,
  "packages": {
    "": {
      "name": "apache-nifi-image-viewer",
      "dependencies": {
        "jquery": "3.6.4"
      },
      "engines": {
        "node": ">=16.13.2",
        "npm": ">=8.1.2"
      }
    },
    "node_modules/jquery": {
      "version": "3.6.4",
      "resolved": "https://registry.npmjs.org/jquery/-/jquery-3.6.4.tgz",
      "integrity": "sha512-v28EW9DWDFpzcD9O5iyJXg3R3+q+mET5JhnjJzQUZMHOv67bpSIHq81GEYpPNZHG+XXHsfSme3nxp/hndKEcsQ=="
    }
  }
}
